// !$*UTF8*$!
{
	archiveVersion = 1;
	classes = {
	};
	objectVersion = 48;
	objects = {

/* Begin PBXBuildFile section */
		FD4D6E931F31769E00C1704A /* AppDelegate.swift in Sources */ = {isa = PBXBuildFile; fileRef = FD4D6E921F31769E00C1704A /* AppDelegate.swift */; };
		FD4D6E951F31769E00C1704A /* WelcomeVC.swift in Sources */ = {isa = PBXBuildFile; fileRef = FD4D6E941F31769E00C1704A /* WelcomeVC.swift */; };
		FD4D6E981F31769E00C1704A /* Main.storyboard in Resources */ = {isa = PBXBuildFile; fileRef = FD4D6E961F31769E00C1704A /* Main.storyboard */; };
		FD4D6E9A1F31769E00C1704A /* Assets.xcassets in Resources */ = {isa = PBXBuildFile; fileRef = FD4D6E991F31769E00C1704A /* Assets.xcassets */; };
		FD4D6E9D1F31769E00C1704A /* LaunchScreen.storyboard in Resources */ = {isa = PBXBuildFile; fileRef = FD4D6E9B1F31769E00C1704A /* LaunchScreen.storyboard */; };
		FD4D6EA61F3400C100C1704A /* BorderButton.swift in Sources */ = {isa = PBXBuildFile; fileRef = FD4D6EA51F3400C100C1704A /* BorderButton.swift */; };
		FD99A3111F400AF500AFC597 /* LeagueVC.swift in Sources */ = {isa = PBXBuildFile; fileRef = FD99A3101F400AF500AFC597 /* LeagueVC.swift */; };
		FD99A3131F400B0400AFC597 /* SkillVC.swift in Sources */ = {isa = PBXBuildFile; fileRef = FD99A3121F400B0400AFC597 /* SkillVC.swift */; };
/* End PBXBuildFile section */

/* Begin PBXFileReference section */
		FD4D6E8F1F31769E00C1704A /* app-swoosh.app */ = {isa = PBXFileReference; explicitFileType = wrapper.application; includeInIndex = 0; path = "app-swoosh.app"; sourceTree = BUILT_PRODUCTS_DIR; };
		FD4D6E921F31769E00C1704A /* AppDelegate.swift */ = {isa = PBXFileReference; lastKnownFileType = sourcecode.swift; path = AppDelegate.swift; sourceTree = "<group>"; };
		FD4D6E941F31769E00C1704A /* WelcomeVC.swift */ = {isa = PBXFileReference; lastKnownFileType = sourcecode.swift; path = WelcomeVC.swift; sourceTree = "<group>"; };
		FD4D6E971F31769E00C1704A /* Base */ = {isa = PBXFileReference; lastKnownFileType = file.storyboard; name = Base; path = Base.lproj/Main.storyboard; sourceTree = "<group>"; };
		FD4D6E991F31769E00C1704A /* Assets.xcassets */ = {isa = PBXFileReference; lastKnownFileType = folder.assetcatalog; path = Assets.xcassets; sourceTree = "<group>"; };
		FD4D6E9C1F31769E00C1704A /* Base */ = {isa = PBXFileReference; lastKnownFileType = file.storyboard; name = Base; path = Base.lproj/LaunchScreen.storyboard; sourceTree = "<group>"; };
		FD4D6E9E1F31769E00C1704A /* Info.plist */ = {isa = PBXFileReference; lastKnownFileType = text.plist.xml; path = Info.plist; sourceTree = "<group>"; };
		FD4D6EA51F3400C100C1704A /* BorderButton.swift */ = {isa = PBXFileReference; lastKnownFileType = sourcecode.swift; path = BorderButton.swift; sourceTree = "<group>"; };
		FD99A3101F400AF500AFC597 /* LeagueVC.swift */ = {isa = PBXFileReference; lastKnownFileType = sourcecode.swift; path = LeagueVC.swift; sourceTree = "<group>"; };
		FD99A3121F400B0400AFC597 /* SkillVC.swift */ = {isa = PBXFileReference; lastKnownFileType = sourcecode.swift; path = SkillVC.swift; sourceTree = "<group>"; };
/* End PBXFileReference section */

/* Begin PBXFrameworksBuildPhase section */
		FD4D6E8C1F31769E00C1704A /* Frameworks */ = {
			isa = PBXFrameworksBuildPhase;
			buildActionMask = 2147483647;
			files = (
			);
			runOnlyForDeploymentPostprocessing = 0;
		};
/* End PBXFrameworksBuildPhase section */

/* Begin PBXGroup section */
		FD4D6E861F31769E00C1704A = {
			isa = PBXGroup;
			children = (
				FD4D6E911F31769E00C1704A /* app-swoosh */,
				FD4D6E901F31769E00C1704A /* Products */,
			);
			sourceTree = "<group>";
		};
		FD4D6E901F31769E00C1704A /* Products */ = {
			isa = PBXGroup;
			children = (
				FD4D6E8F1F31769E00C1704A /* app-swoosh.app */,
			);
			name = Products;
			sourceTree = "<group>";
		};
		FD4D6E911F31769E00C1704A /* app-swoosh */ = {
			isa = PBXGroup;
			children = (
				FD99A30F1F400A0400AFC597 /* Model */,
				FD99A30E1F4009F400AFC597 /* Controller */,
				FD4D6EA41F34007100C1704A /* Views */,
				FD4D6E921F31769E00C1704A /* AppDelegate.swift */,
				FD4D6E961F31769E00C1704A /* Main.storyboard */,
				FD4D6E991F31769E00C1704A /* Assets.xcassets */,
				FD4D6E9B1F31769E00C1704A /* LaunchScreen.storyboard */,
				FD4D6E9E1F31769E00C1704A /* Info.plist */,
			);
			path = "app-swoosh";
			sourceTree = "<group>";
		};
		FD4D6EA41F34007100C1704A /* Views */ = {
			isa = PBXGroup;
			children = (
				FD4D6EA51F3400C100C1704A /* BorderButton.swift */,
			);
			path = Views;
			sourceTree = "<group>";
		};
		FD99A30E1F4009F400AFC597 /* Controller */ = {
			isa = PBXGroup;
			children = (
				FD4D6E941F31769E00C1704A /* WelcomeVC.swift */,
				FD99A3101F400AF500AFC597 /* LeagueVC.swift */,
				FD99A3121F400B0400AFC597 /* SkillVC.swift */,
			);
			path = Controller;
			sourceTree = "<group>";
		};
		FD99A30F1F400A0400AFC597 /* Model */ = {
			isa = PBXGroup;
			children = (
			);
			path = Model;
			sourceTree = "<group>";
		};
/* End PBXGroup section */

/* Begin PBXNativeTarget section */
		FD4D6E8E1F31769E00C1704A /* app-swoosh */ = {
			isa = PBXNativeTarget;
			buildConfigurationList = FD4D6EA11F31769E00C1704A /* Build configuration list for PBXNativeTarget "app-swoosh" */;
			buildPhases = (
				FD4D6E8B1F31769E00C1704A /* Sources */,
				FD4D6E8C1F31769E00C1704A /* Frameworks */,
				FD4D6E8D1F31769E00C1704A /* Resources */,
			);
			buildRules = (
			);
			dependencies = (
			);
			name = "app-swoosh";
			productName = "app-swoosh";
			productReference = FD4D6E8F1F31769E00C1704A /* app-swoosh.app */;
			productType = "com.apple.product-type.application";
		};
/* End PBXNativeTarget section */

/* Begin PBXProject section */
		FD4D6E871F31769E00C1704A /* Project object */ = {
			isa = PBXProject;
			attributes = {
				LastSwiftUpdateCheck = 0900;
				LastUpgradeCheck = 0900;
				ORGANIZATIONNAME = "Daren Fankhauser";
				TargetAttributes = {
					FD4D6E8E1F31769E00C1704A = {
						CreatedOnToolsVersion = 9.0;
					};
				};
			};
			buildConfigurationList = FD4D6E8A1F31769E00C1704A /* Build configuration list for PBXProject "app-swoosh" */;
			compatibilityVersion = "Xcode 8.0";
			developmentRegion = en;
			hasScannedForEncodings = 0;
			knownRegions = (
				en,
				Base,
			);
			mainGroup = FD4D6E861F31769E00C1704A;
			productRefGroup = FD4D6E901F31769E00C1704A /* Products */;
			projectDirPath = "";
			projectRoot = "";
			targets = (
				FD4D6E8E1F31769E00C1704A /* app-swoosh */,
			);
		};
/* End PBXProject section */

/* Begin PBXResourcesBuildPhase section */
		FD4D6E8D1F31769E00C1704A /* Resources */ = {
			isa = PBXResourcesBuildPhase;
			buildActionMask = 2147483647;
			files = (
				FD4D6E9D1F31769E00C1704A /* LaunchScreen.storyboard in Resources */,
				FD4D6E9A1F31769E00C1704A /* Assets.xcassets in Resources */,
				FD4D6E981F31769E00C1704A /* Main.storyboard in Resources */,
			);
			runOnlyForDeploymentPostprocessing = 0;
		};
/* End PBXResourcesBuildPhase section */

/* Begin PBXSourcesBuildPhase section */
		FD4D6E8B1F31769E00C1704A /* Sources */ = {
			isa = PBXSourcesBuildPhase;
			buildActionMask = 2147483647;
			files = (
				FD4D6E951F31769E00C1704A /* WelcomeVC.swift in Sources */,
				FD99A3111F400AF500AFC597 /* LeagueVC.swift in Sources */,
				FD4D6E931F31769E00C1704A /* AppDelegate.swift in Sources */,
				FD99A3131F400B0400AFC597 /* SkillVC.swift in Sources */,
				FD4D6EA61F3400C100C1704A /* BorderButton.swift in Sources */,
			);
			runOnlyForDeploymentPostprocessing = 0;
		};
/* End PBXSourcesBuildPhase section */

/* Begin PBXVariantGroup section */
		FD4D6E961F31769E00C1704A /* Main.storyboard */ = {
			isa = PBXVariantGroup;
			children = (
				FD4D6E971F31769E00C1704A /* Base */,
			);
			name = Main.storyboard;
			sourceTree = "<group>";
		};
		FD4D6E9B1F31769E00C1704A /* LaunchScreen.storyboard */ = {
			isa = PBXVariantGroup;
			children = (
				FD4D6E9C1F31769E00C1704A /* Base */,
			);
			name = LaunchScreen.storyboard;
			sourceTree = "<group>";
		};
/* End PBXVariantGroup section */

/* Begin XCBuildConfiguration section */
		FD4D6E9F1F31769E00C1704A /* Debug */ = {
			isa = XCBuildConfiguration;
			buildSettings = {
				ALWAYS_SEARCH_USER_PATHS = NO;
				CLANG_ANALYZER_NONNULL = YES;
				CLANG_ANALYZER_NUMBER_OBJECT_CONVERSION = YES_AGGRESSIVE;
				CLANG_CXX_LANGUAGE_STANDARD = "gnu++14";
				CLANG_CXX_LIBRARY = "libc++";
				CLANG_ENABLE_MODULES = YES;
				CLANG_ENABLE_OBJC_ARC = YES;
				CLANG_WARN_BLOCK_CAPTURE_AUTORELEASING = YES;
				CLANG_WARN_BOOL_CONVERSION = YES;
				CLANG_WARN_COMMA = YES;
				CLANG_WARN_CONSTANT_CONVERSION = YES;
				CLANG_WARN_DIRECT_OBJC_ISA_USAGE = YES_ERROR;
				CLANG_WARN_DOCUMENTATION_COMMENTS = YES;
				CLANG_WARN_EMPTY_BODY = YES;
				CLANG_WARN_ENUM_CONVERSION = YES;
				CLANG_WARN_INFINITE_RECURSION = YES;
				CLANG_WARN_INT_CONVERSION = YES;
				CLANG_WARN_NON_LITERAL_NULL_CONVERSION = YES;
				CLANG_WARN_OBJC_LITERAL_CONVERSION = YES;
				CLANG_WARN_OBJC_ROOT_CLASS = YES_ERROR;
				CLANG_WARN_RANGE_LOOP_ANALYSIS = YES;
				CLANG_WARN_STRICT_PROTOTYPES = YES;
				CLANG_WARN_SUSPICIOUS_MOVE = YES;
				CLANG_WARN_UNGUARDED_AVAILABILITY = YES_AGGRESSIVE;
				CLANG_WARN_UNREACHABLE_CODE = YES;
				CLANG_WARN__DUPLICATE_METHOD_MATCH = YES;
				CODE_SIGN_IDENTITY = "iPhone Developer";
				COPY_PHASE_STRIP = NO;
				DEBUG_INFORMATION_FORMAT = dwarf;
				ENABLE_STRICT_OBJC_MSGSEND = YES;
				ENABLE_TESTABILITY = YES;
				GCC_C_LANGUAGE_STANDARD = gnu11;
				GCC_DYNAMIC_NO_PIC = NO;
				GCC_NO_COMMON_BLOCKS = YES;
				GCC_OPTIMIZATION_LEVEL = 0;
				GCC_PREPROCESSOR_DEFINITIONS = (
					"DEBUG=1",
					"$(inherited)",
				);
				GCC_WARN_64_TO_32_BIT_CONVERSION = YES;
				GCC_WARN_ABOUT_RETURN_TYPE = YES_ERROR;
				GCC_WARN_UNDECLARED_SELECTOR = YES;
				GCC_WARN_UNINITIALIZED_AUTOS = YES_AGGRESSIVE;
				GCC_WARN_UNUSED_FUNCTION = YES;
				GCC_WARN_UNUSED_VARIABLE = YES;
				IPHONEOS_DEPLOYMENT_TARGET = 11.0;
				MTL_ENABLE_DEBUG_INFO = YES;
				ONLY_ACTIVE_ARCH = YES;
				SDKROOT = iphoneos;
				SWIFT_ACTIVE_COMPILATION_CONDITIONS = DEBUG;
				SWIFT_OPTIMIZATION_LEVEL = "-Onone";
			};
			name = Debug;
		};
		FD4D6EA01F31769E00C1704A /* Release */ = {
			isa = XCBuildConfiguration;
			buildSettings = {
				ALWAYS_SEARCH_USER_PATHS = NO;
				CLANG_ANALYZER_NONNULL = YES;
				CLANG_ANALYZER_NUMBER_OBJECT_CONVERSION = YES_AGGRESSIVE;
				CLANG_CXX_LANGUAGE_STANDARD = "gnu++14";
				CLANG_CXX_LIBRARY = "libc++";
				CLANG_ENABLE_MODULES = YES;
				CLANG_ENABLE_OBJC_ARC = YES;
				CLANG_WARN_BLOCK_CAPTURE_AUTORELEASING = YES;
				CLANG_WARN_BOOL_CONVERSION = YES;
				CLANG_WARN_COMMA = YES;
				CLANG_WARN_CONSTANT_CONVERSION = YES;
				CLANG_WARN_DIRECT_OBJC_ISA_USAGE = YES_ERROR;
				CLANG_WARN_DOCUMENTATION_COMMENTS = YES;
				CLANG_WARN_EMPTY_BODY = YES;
				CLANG_WARN_ENUM_CONVERSION = YES;
				CLANG_WARN_INFINITE_RECURSION = YES;
				CLANG_WARN_INT_CONVERSION = YES;
				CLANG_WARN_NON_LITERAL_NULL_CONVERSION = YES;
				CLANG_WARN_OBJC_LITERAL_CONVERSION = YES;
				CLANG_WARN_OBJC_ROOT_CLASS = YES_ERROR;
				CLANG_WARN_RANGE_LOOP_ANALYSIS = YES;
				CLANG_WARN_STRICT_PROTOTYPES = YES;
				CLANG_WARN_SUSPICIOUS_MOVE = YES;
				CLANG_WARN_UNGUARDED_AVAILABILITY = YES_AGGRESSIVE;
				CLANG_WARN_UNREACHABLE_CODE = YES;
				CLANG_WARN__DUPLICATE_METHOD_MATCH = YES;
				CODE_SIGN_IDENTITY = "iPhone Developer";
				COPY_PHASE_STRIP = NO;
				DEBUG_INFORMATION_FORMAT = "dwarf-with-dsym";
				ENABLE_NS_ASSERTIONS = NO;
				ENABLE_STRICT_OBJC_MSGSEND = YES;
				GCC_C_LANGUAGE_STANDARD = gnu11;
				GCC_NO_COMMON_BLOCKS = YES;
				GCC_WARN_64_TO_32_BIT_CONVERSION = YES;
				GCC_WARN_ABOUT_RETURN_TYPE = YES_ERROR;
				GCC_WARN_UNDECLARED_SELECTOR = YES;
				GCC_WARN_UNINITIALIZED_AUTOS = YES_AGGRESSIVE;
				GCC_WARN_UNUSED_FUNCTION = YES;
				GCC_WARN_UNUSED_VARIABLE = YES;
				IPHONEOS_DEPLOYMENT_TARGET = 11.0;
				MTL_ENABLE_DEBUG_INFO = NO;
				SDKROOT = iphoneos;
				SWIFT_OPTIMIZATION_LEVEL = "-Owholemodule";
				VALIDATE_PRODUCT = YES;
			};
			name = Release;
		};
		FD4D6EA21F31769E00C1704A /* Debug */ = {
			isa = XCBuildConfiguration;
			buildSettings = {
				ASSETCATALOG_COMPILER_APPICON_NAME = AppIcon;
				INFOPLIST_FILE = "app-swoosh/Info.plist";
				LD_RUNPATH_SEARCH_PATHS = "$(inherited) @executable_path/Frameworks";
				PRODUCT_BUNDLE_IDENTIFIER = "com.darenfankhauser.app-swoosh";
				PRODUCT_NAME = "$(TARGET_NAME)";
				SWIFT_VERSION = 4.0;
				TARGETED_DEVICE_FAMILY = "1,2";
			};
			name = Debug;
		};
		FD4D6EA31F31769E00C1704A /* Release */ = {
			isa = XCBuildConfiguration;
			buildSettings = {
				ASSETCATALOG_COMPILER_APPICON_NAME = AppIcon;
				INFOPLIST_FILE = "app-swoosh/Info.plist";
				LD_RUNPATH_SEARCH_PATHS = "$(inherited) @executable_path/Frameworks";
				PRODUCT_BUNDLE_IDENTIFIER = "com.darenfankhauser.app-swoosh";
				PRODUCT_NAME = "$(TARGET_NAME)";
				SWIFT_VERSION = 4.0;
				TARGETED_DEVICE_FAMILY = "1,2";
			};
			name = Release;
		};
/* End XCBuildConfiguration section */

/* Begin XCConfigurationList section */
		FD4D6E8A1F31769E00C1704A /* Build configuration list for PBXProject "app-swoosh" */ = {
			isa = XCConfigurationList;
			buildConfigurations = (
				FD4D6E9F1F31769E00C1704A /* Debug */,
				FD4D6EA01F31769E00C1704A /* Release */,
			);
			defaultConfigurationIsVisible = 0;
			defaultConfigurationName = Release;
		};
		FD4D6EA11F31769E00C1704A /* Build configuration list for PBXNativeTarget "app-swoosh" */ = {
			isa = XCConfigurationList;
			buildConfigurations = (
				FD4D6EA21F31769E00C1704A /* Debug */,
				FD4D6EA31F31769E00C1704A /* Release */,
			);
			defaultConfigurationIsVisible = 0;
			defaultConfigurationName = Release;
		};
/* End XCConfigurationList section */
	};
	rootObject = FD4D6E871F31769E00C1704A /* Project object */;
}
